// !$*UTF8*$!
{
	archiveVersion = 1;
	classes = {
	};
	objectVersion = 51;
	objects = {

/* Begin PBXBuildFile section */
		26035D98E477139BC5DB17BF /* Pods_ImgurApp.framework in Frameworks */ = {isa = PBXBuildFile; fileRef = 0FF6917BAFD6E7754FE38E23 /* Pods_ImgurApp.framework */; };
		FE4F82E422E62710006C7A94 /* MainCollectionViewController.swift in Sources */ = {isa = PBXBuildFile; fileRef = FE4F82E322E62710006C7A94 /* MainCollectionViewController.swift */; };
		FE4F82E822E62866006C7A94 /* UIView+Helpers.swift in Sources */ = {isa = PBXBuildFile; fileRef = FE4F82E722E62866006C7A94 /* UIView+Helpers.swift */; };
		FE4F82EE22E62AB0006C7A94 /* Album.swift in Sources */ = {isa = PBXBuildFile; fileRef = FE4F82ED22E62AB0006C7A94 /* Album.swift */; };
		FE4F82F022E62C52006C7A94 /* ImgurApiClient+GETImage.swift in Sources */ = {isa = PBXBuildFile; fileRef = FE4F82EF22E62C52006C7A94 /* ImgurApiClient+GETImage.swift */; };
		FE4F82F222E62D61006C7A94 /* Image.swift in Sources */ = {isa = PBXBuildFile; fileRef = FE4F82F122E62D61006C7A94 /* Image.swift */; };
		FE4F82F422E62D76006C7A94 /* ImgurRepository.swift in Sources */ = {isa = PBXBuildFile; fileRef = FE4F82F322E62D76006C7A94 /* ImgurRepository.swift */; };
		FE4F82F622E63369006C7A94 /* MainCollectionViewCell.swift in Sources */ = {isa = PBXBuildFile; fileRef = FE4F82F522E63369006C7A94 /* MainCollectionViewCell.swift */; };
		FE4F82F822E636FC006C7A94 /* AlbumImagesCollectionViewController.swift in Sources */ = {isa = PBXBuildFile; fileRef = FE4F82F722E636FC006C7A94 /* AlbumImagesCollectionViewController.swift */; };
		FE4F82FA22E6374A006C7A94 /* AlbumImageCollectionViewCell.swift in Sources */ = {isa = PBXBuildFile; fileRef = FE4F82F922E6374A006C7A94 /* AlbumImageCollectionViewCell.swift */; };
		FE4F82FC22E6383E006C7A94 /* ImgurApiClient+GETAlbumImages.swift in Sources */ = {isa = PBXBuildFile; fileRef = FE4F82FB22E6383E006C7A94 /* ImgurApiClient+GETAlbumImages.swift */; };
		FEAC46F222E6179100F0B311 /* AppDelegate.swift in Sources */ = {isa = PBXBuildFile; fileRef = FEAC46F122E6179100F0B311 /* AppDelegate.swift */; };
		FEAC46F722E6179100F0B311 /* Main.storyboard in Resources */ = {isa = PBXBuildFile; fileRef = FEAC46F522E6179100F0B311 /* Main.storyboard */; };
		FEAC46F922E6179100F0B311 /* Assets.xcassets in Resources */ = {isa = PBXBuildFile; fileRef = FEAC46F822E6179100F0B311 /* Assets.xcassets */; };
		FEAC46FC22E6179100F0B311 /* LaunchScreen.storyboard in Resources */ = {isa = PBXBuildFile; fileRef = FEAC46FA22E6179100F0B311 /* LaunchScreen.storyboard */; };
		FEAC470422E617D000F0B311 /* README in Resources */ = {isa = PBXBuildFile; fileRef = FEAC470322E617D000F0B311 /* README */; };
		FEAC470822E61A1200F0B311 /* BuildConfiguration.swift in Sources */ = {isa = PBXBuildFile; fileRef = FEAC470722E61A1200F0B311 /* BuildConfiguration.swift */; };
		FEAC470C22E6201900F0B311 /* ImgurApiClient+GETAlbums.swift in Sources */ = {isa = PBXBuildFile; fileRef = FEAC470B22E6201900F0B311 /* ImgurApiClient+GETAlbums.swift */; };
		FEAC470D22E6207600F0B311 /* ImgurApiClient.swift in Sources */ = {isa = PBXBuildFile; fileRef = FEAC470A22E61E8900F0B311 /* ImgurApiClient.swift */; };
/* End PBXBuildFile section */

/* Begin PBXFileReference section */
		08B0E4D1FE4789E281CC1755 /* Pods-ImgurApp.debug.xcconfig */ = {isa = PBXFileReference; includeInIndex = 1; lastKnownFileType = text.xcconfig; name = "Pods-ImgurApp.debug.xcconfig"; path = "Target Support Files/Pods-ImgurApp/Pods-ImgurApp.debug.xcconfig"; sourceTree = "<group>"; };
		0FF6917BAFD6E7754FE38E23 /* Pods_ImgurApp.framework */ = {isa = PBXFileReference; explicitFileType = wrapper.framework; includeInIndex = 0; path = Pods_ImgurApp.framework; sourceTree = BUILT_PRODUCTS_DIR; };
		908B365683F16C1237810E0A /* Pods-ImgurApp.release.xcconfig */ = {isa = PBXFileReference; includeInIndex = 1; lastKnownFileType = text.xcconfig; name = "Pods-ImgurApp.release.xcconfig"; path = "Target Support Files/Pods-ImgurApp/Pods-ImgurApp.release.xcconfig"; sourceTree = "<group>"; };
		FE4F82E322E62710006C7A94 /* MainCollectionViewController.swift */ = {isa = PBXFileReference; lastKnownFileType = sourcecode.swift; name = MainCollectionViewController.swift; path = ../../../../../System/Volumes/Data/Users/jake.elrod/GitHub/ImgurApp/ImgurApp/MainCollectionViewController.swift; sourceTree = "<group>"; };
		FE4F82E722E62866006C7A94 /* UIView+Helpers.swift */ = {isa = PBXFileReference; lastKnownFileType = sourcecode.swift; name = "UIView+Helpers.swift"; path = "../../../../../System/Volumes/Data/Users/jake.elrod/GitHub/ImgurApp/ImgurApp/UIView+Helpers.swift"; sourceTree = "<group>"; };
		FE4F82ED22E62AB0006C7A94 /* Album.swift */ = {isa = PBXFileReference; lastKnownFileType = sourcecode.swift; name = Album.swift; path = ../../../../../../System/Volumes/Data/Users/jake.elrod/GitHub/ImgurApp/ImgurApp/Model/Album.swift; sourceTree = "<group>"; };
		FE4F82EF22E62C52006C7A94 /* ImgurApiClient+GETImage.swift */ = {isa = PBXFileReference; lastKnownFileType = sourcecode.swift; name = "ImgurApiClient+GETImage.swift"; path = "../../../../../../System/Volumes/Data/Users/jake.elrod/GitHub/ImgurApp/ImgurApp/ApiClient/ImgurApiClient+GETImage.swift"; sourceTree = "<group>"; };
		FE4F82F122E62D61006C7A94 /* Image.swift */ = {isa = PBXFileReference; lastKnownFileType = sourcecode.swift; name = Image.swift; path = ../../../../../../System/Volumes/Data/Users/jake.elrod/GitHub/ImgurApp/ImgurApp/Model/Image.swift; sourceTree = "<group>"; };
		FE4F82F322E62D76006C7A94 /* ImgurRepository.swift */ = {isa = PBXFileReference; lastKnownFileType = sourcecode.swift; name = ImgurRepository.swift; path = ../../../../../System/Volumes/Data/Users/jake.elrod/GitHub/ImgurApp/ImgurApp/ImgurRepository.swift; sourceTree = "<group>"; };
		FE4F82F522E63369006C7A94 /* MainCollectionViewCell.swift */ = {isa = PBXFileReference; lastKnownFileType = sourcecode.swift; name = MainCollectionViewCell.swift; path = ../../../../../System/Volumes/Data/Users/jake.elrod/GitHub/ImgurApp/ImgurApp/MainCollectionViewCell.swift; sourceTree = "<group>"; };
		FE4F82F722E636FC006C7A94 /* AlbumImagesCollectionViewController.swift */ = {isa = PBXFileReference; lastKnownFileType = sourcecode.swift; name = AlbumImagesCollectionViewController.swift; path = ../../../../../System/Volumes/Data/Users/jake.elrod/GitHub/ImgurApp/ImgurApp/AlbumImagesCollectionViewController.swift; sourceTree = "<group>"; };
		FE4F82F922E6374A006C7A94 /* AlbumImageCollectionViewCell.swift */ = {isa = PBXFileReference; lastKnownFileType = sourcecode.swift; name = AlbumImageCollectionViewCell.swift; path = ../../../../../System/Volumes/Data/Users/jake.elrod/GitHub/ImgurApp/ImgurApp/AlbumImageCollectionViewCell.swift; sourceTree = "<group>"; };
		FE4F82FB22E6383E006C7A94 /* ImgurApiClient+GETAlbumImages.swift */ = {isa = PBXFileReference; lastKnownFileType = sourcecode.swift; name = "ImgurApiClient+GETAlbumImages.swift"; path = "../../../../../../System/Volumes/Data/Users/jake.elrod/GitHub/ImgurApp/ImgurApp/ApiClient/ImgurApiClient+GETAlbumImages.swift"; sourceTree = "<group>"; };
		FEAC46EE22E6179100F0B311 /* ImgurApp.app */ = {isa = PBXFileReference; explicitFileType = wrapper.application; includeInIndex = 0; path = ImgurApp.app; sourceTree = BUILT_PRODUCTS_DIR; };
		FEAC46F122E6179100F0B311 /* AppDelegate.swift */ = {isa = PBXFileReference; lastKnownFileType = sourcecode.swift; path = AppDelegate.swift; sourceTree = "<group>"; };
		FEAC46F622E6179100F0B311 /* Base */ = {isa = PBXFileReference; lastKnownFileType = file.storyboard; name = Base; path = Base.lproj/Main.storyboard; sourceTree = "<group>"; };
		FEAC46F822E6179100F0B311 /* Assets.xcassets */ = {isa = PBXFileReference; lastKnownFileType = folder.assetcatalog; path = Assets.xcassets; sourceTree = "<group>"; };
		FEAC46FB22E6179100F0B311 /* Base */ = {isa = PBXFileReference; lastKnownFileType = file.storyboard; name = Base; path = Base.lproj/LaunchScreen.storyboard; sourceTree = "<group>"; };
		FEAC46FD22E6179100F0B311 /* Info.plist */ = {isa = PBXFileReference; lastKnownFileType = text.plist.xml; path = Info.plist; sourceTree = "<group>"; };
		FEAC470322E617D000F0B311 /* README */ = {isa = PBXFileReference; lastKnownFileType = text; path = README; sourceTree = "<group>"; };
		FEAC470722E61A1200F0B311 /* BuildConfiguration.swift */ = {isa = PBXFileReference; lastKnownFileType = sourcecode.swift; name = BuildConfiguration.swift; path = ../../../../../System/Volumes/Data/Users/jake.elrod/GitHub/ImgurApp/ImgurApp/BuildConfiguration.swift; sourceTree = "<group>"; };
		FEAC470A22E61E8900F0B311 /* ImgurApiClient.swift */ = {isa = PBXFileReference; lastKnownFileType = sourcecode.swift; path = ImgurApiClient.swift; sourceTree = "<group>"; };
		FEAC470B22E6201900F0B311 /* ImgurApiClient+GETAlbums.swift */ = {isa = PBXFileReference; lastKnownFileType = sourcecode.swift; name = "ImgurApiClient+GETAlbums.swift"; path = "../../../../../../System/Volumes/Data/Users/jake.elrod/GitHub/ImgurApp/ImgurApp/ApiClient/ImgurApiClient+GETAlbums.swift"; sourceTree = "<group>"; };
/* End PBXFileReference section */

/* Begin PBXFrameworksBuildPhase section */
		FEAC46EB22E6179100F0B311 /* Frameworks */ = {
			isa = PBXFrameworksBuildPhase;
			buildActionMask = 2147483647;
			files = (
				26035D98E477139BC5DB17BF /* Pods_ImgurApp.framework in Frameworks */,
			);
			runOnlyForDeploymentPostprocessing = 0;
		};
/* End PBXFrameworksBuildPhase section */

/* Begin PBXGroup section */
		BA964A47949E228390C785A6 /* Pods */ = {
			isa = PBXGroup;
			children = (
				08B0E4D1FE4789E281CC1755 /* Pods-ImgurApp.debug.xcconfig */,
				908B365683F16C1237810E0A /* Pods-ImgurApp.release.xcconfig */,
			);
			path = Pods;
			sourceTree = "<group>";
		};
		DD383B136A2D07482A1CA278 /* Frameworks */ = {
			isa = PBXGroup;
			children = (
				0FF6917BAFD6E7754FE38E23 /* Pods_ImgurApp.framework */,
			);
			name = Frameworks;
			sourceTree = "<group>";
		};
		FE4F82EC22E62AA6006C7A94 /* Model */ = {
			isa = PBXGroup;
			children = (
				FE4F82ED22E62AB0006C7A94 /* Album.swift */,
				FE4F82F122E62D61006C7A94 /* Image.swift */,
			);
			path = Model;
			sourceTree = "<group>";
		};
		FEAC46E522E6179100F0B311 = {
			isa = PBXGroup;
			children = (
				FEAC470322E617D000F0B311 /* README */,
				FEAC46F022E6179100F0B311 /* ImgurApp */,
				FEAC46EF22E6179100F0B311 /* Products */,
				BA964A47949E228390C785A6 /* Pods */,
				DD383B136A2D07482A1CA278 /* Frameworks */,
			);
			sourceTree = "<group>";
		};
		FEAC46EF22E6179100F0B311 /* Products */ = {
			isa = PBXGroup;
			children = (
				FEAC46EE22E6179100F0B311 /* ImgurApp.app */,
			);
			name = Products;
			sourceTree = "<group>";
		};
		FEAC46F022E6179100F0B311 /* ImgurApp */ = {
			isa = PBXGroup;
			children = (
				FE4F82EC22E62AA6006C7A94 /* Model */,
				FEAC470922E61E8400F0B311 /* ApiClient */,
				FEAC46F122E6179100F0B311 /* AppDelegate.swift */,
				FEAC46F522E6179100F0B311 /* Main.storyboard */,
				FEAC46F822E6179100F0B311 /* Assets.xcassets */,
				FEAC46FA22E6179100F0B311 /* LaunchScreen.storyboard */,
				FEAC46FD22E6179100F0B311 /* Info.plist */,
				FEAC470722E61A1200F0B311 /* BuildConfiguration.swift */,
				FE4F82E322E62710006C7A94 /* MainCollectionViewController.swift */,
				FE4F82E722E62866006C7A94 /* UIView+Helpers.swift */,
				FE4F82F322E62D76006C7A94 /* ImgurRepository.swift */,
				FE4F82F522E63369006C7A94 /* MainCollectionViewCell.swift */,
				FE4F82F722E636FC006C7A94 /* AlbumImagesCollectionViewController.swift */,
				FE4F82F922E6374A006C7A94 /* AlbumImageCollectionViewCell.swift */,
			);
			path = ImgurApp;
			sourceTree = "<group>";
		};
		FEAC470922E61E8400F0B311 /* ApiClient */ = {
			isa = PBXGroup;
			children = (
				FEAC470A22E61E8900F0B311 /* ImgurApiClient.swift */,
				FEAC470B22E6201900F0B311 /* ImgurApiClient+GETAlbums.swift */,
				FE4F82EF22E62C52006C7A94 /* ImgurApiClient+GETImage.swift */,
				FE4F82FB22E6383E006C7A94 /* ImgurApiClient+GETAlbumImages.swift */,
			);
			path = ApiClient;
			sourceTree = "<group>";
		};
/* End PBXGroup section */

/* Begin PBXNativeTarget section */
		FEAC46ED22E6179100F0B311 /* ImgurApp */ = {
			isa = PBXNativeTarget;
			buildConfigurationList = FEAC470022E6179100F0B311 /* Build configuration list for PBXNativeTarget "ImgurApp" */;
			buildPhases = (
				2110A1FB14A00853A7BF4416 /* [CP] Check Pods Manifest.lock */,
				FEAC46EA22E6179100F0B311 /* Sources */,
				FEAC46EB22E6179100F0B311 /* Frameworks */,
				FEAC46EC22E6179100F0B311 /* Resources */,
				C2CC283B3A040D7460B188BC /* [CP] Embed Pods Frameworks */,
			);
			buildRules = (
			);
			dependencies = (
			);
			name = ImgurApp;
			productName = ImgurApp;
			productReference = FEAC46EE22E6179100F0B311 /* ImgurApp.app */;
			productType = "com.apple.product-type.application";
		};
/* End PBXNativeTarget section */

/* Begin PBXProject section */
		FEAC46E622E6179100F0B311 /* Project object */ = {
			isa = PBXProject;
			attributes = {
				LastSwiftUpdateCheck = 1020;
				LastUpgradeCheck = 1020;
				ORGANIZATIONNAME = "Stephen Elrod";
				TargetAttributes = {
					FEAC46ED22E6179100F0B311 = {
						CreatedOnToolsVersion = 10.2.1;
					};
				};
			};
			buildConfigurationList = FEAC46E922E6179100F0B311 /* Build configuration list for PBXProject "ImgurApp" */;
			compatibilityVersion = "Xcode 9.3";
			developmentRegion = en;
			hasScannedForEncodings = 0;
			knownRegions = (
				en,
				Base,
			);
			mainGroup = FEAC46E522E6179100F0B311;
			productRefGroup = FEAC46EF22E6179100F0B311 /* Products */;
			projectDirPath = "";
			projectRoot = "";
			targets = (
				FEAC46ED22E6179100F0B311 /* ImgurApp */,
			);
		};
/* End PBXProject section */

/* Begin PBXResourcesBuildPhase section */
		FEAC46EC22E6179100F0B311 /* Resources */ = {
			isa = PBXResourcesBuildPhase;
			buildActionMask = 2147483647;
			files = (
				FEAC470422E617D000F0B311 /* README in Resources */,
				FEAC46FC22E6179100F0B311 /* LaunchScreen.storyboard in Resources */,
				FEAC46F922E6179100F0B311 /* Assets.xcassets in Resources */,
				FEAC46F722E6179100F0B311 /* Main.storyboard in Resources */,
			);
			runOnlyForDeploymentPostprocessing = 0;
		};
/* End PBXResourcesBuildPhase section */

/* Begin PBXShellScriptBuildPhase section */
		2110A1FB14A00853A7BF4416 /* [CP] Check Pods Manifest.lock */ = {
			isa = PBXShellScriptBuildPhase;
			buildActionMask = 2147483647;
			files = (
			);
			inputFileListPaths = (
			);
			inputPaths = (
				"${PODS_PODFILE_DIR_PATH}/Podfile.lock",
				"${PODS_ROOT}/Manifest.lock",
			);
			name = "[CP] Check Pods Manifest.lock";
			outputFileListPaths = (
			);
			outputPaths = (
				"$(DERIVED_FILE_DIR)/Pods-ImgurApp-checkManifestLockResult.txt",
			);
			runOnlyForDeploymentPostprocessing = 0;
			shellPath = /bin/sh;
			shellScript = "diff \"${PODS_PODFILE_DIR_PATH}/Podfile.lock\" \"${PODS_ROOT}/Manifest.lock\" > /dev/null\nif [ $? != 0 ] ; then\n    # print error to STDERR\n    echo \"error: The sandbox is not in sync with the Podfile.lock. Run 'pod install' or update your CocoaPods installation.\" >&2\n    exit 1\nfi\n# This output is used by Xcode 'outputs' to avoid re-running this script phase.\necho \"SUCCESS\" > \"${SCRIPT_OUTPUT_FILE_0}\"\n";
			showEnvVarsInLog = 0;
		};
		C2CC283B3A040D7460B188BC /* [CP] Embed Pods Frameworks */ = {
			isa = PBXShellScriptBuildPhase;
			buildActionMask = 2147483647;
			files = (
			);
			inputFileListPaths = (
				"${PODS_ROOT}/Target Support Files/Pods-ImgurApp/Pods-ImgurApp-frameworks-${CONFIGURATION}-input-files.xcfilelist",
			);
			name = "[CP] Embed Pods Frameworks";
			outputFileListPaths = (
				"${PODS_ROOT}/Target Support Files/Pods-ImgurApp/Pods-ImgurApp-frameworks-${CONFIGURATION}-output-files.xcfilelist",
			);
			runOnlyForDeploymentPostprocessing = 0;
			shellPath = /bin/sh;
			shellScript = "\"${PODS_ROOT}/Target Support Files/Pods-ImgurApp/Pods-ImgurApp-frameworks.sh\"\n";
			showEnvVarsInLog = 0;
		};
/* End PBXShellScriptBuildPhase section */

/* Begin PBXSourcesBuildPhase section */
		FEAC46EA22E6179100F0B311 /* Sources */ = {
			isa = PBXSourcesBuildPhase;
			buildActionMask = 2147483647;
			files = (
				FE4F82E822E62866006C7A94 /* UIView+Helpers.swift in Sources */,
				FEAC470C22E6201900F0B311 /* ImgurApiClient+GETAlbums.swift in Sources */,
				FE4F82E422E62710006C7A94 /* MainCollectionViewController.swift in Sources */,
				FE4F82FC22E6383E006C7A94 /* ImgurApiClient+GETAlbumImages.swift in Sources */,
				FEAC470D22E6207600F0B311 /* ImgurApiClient.swift in Sources */,
				FEAC46F222E6179100F0B311 /* AppDelegate.swift in Sources */,
				FE4F82F422E62D76006C7A94 /* ImgurRepository.swift in Sources */,
				FE4F82FA22E6374A006C7A94 /* AlbumImageCollectionViewCell.swift in Sources */,
				FEAC470822E61A1200F0B311 /* BuildConfiguration.swift in Sources */,
				FE4F82F622E63369006C7A94 /* MainCollectionViewCell.swift in Sources */,
				FE4F82F022E62C52006C7A94 /* ImgurApiClient+GETImage.swift in Sources */,
				FE4F82EE22E62AB0006C7A94 /* Album.swift in Sources */,
				FE4F82F822E636FC006C7A94 /* AlbumImagesCollectionViewController.swift in Sources */,
				FE4F82F222E62D61006C7A94 /* Image.swift in Sources */,
			);
			runOnlyForDeploymentPostprocessing = 0;
		};
/* End PBXSourcesBuildPhase section */

/* Begin PBXVariantGroup section */
		FEAC46F522E6179100F0B311 /* Main.storyboard */ = {
			isa = PBXVariantGroup;
			children = (
				FEAC46F622E6179100F0B311 /* Base */,
			);
			name = Main.storyboard;
			sourceTree = "<group>";
		};
		FEAC46FA22E6179100F0B311 /* LaunchScreen.storyboard */ = {
			isa = PBXVariantGroup;
			children = (
				FEAC46FB22E6179100F0B311 /* Base */,
			);
			name = LaunchScreen.storyboard;
			sourceTree = "<group>";
		};
/* End PBXVariantGroup section */

/* Begin XCBuildConfiguration section */
		FEAC46FE22E6179100F0B311 /* Debug */ = {
			isa = XCBuildConfiguration;
			buildSettings = {
				ALWAYS_SEARCH_USER_PATHS = NO;
				CLANG_ANALYZER_NONNULL = YES;
				CLANG_ANALYZER_NUMBER_OBJECT_CONVERSION = YES_AGGRESSIVE;
				CLANG_CXX_LANGUAGE_STANDARD = "gnu++14";
				CLANG_CXX_LIBRARY = "libc++";
				CLANG_ENABLE_MODULES = YES;
				CLANG_ENABLE_OBJC_ARC = YES;
				CLANG_ENABLE_OBJC_WEAK = YES;
				CLANG_WARN_BLOCK_CAPTURE_AUTORELEASING = YES;
				CLANG_WARN_BOOL_CONVERSION = YES;
				CLANG_WARN_COMMA = YES;
				CLANG_WARN_CONSTANT_CONVERSION = YES;
				CLANG_WARN_DEPRECATED_OBJC_IMPLEMENTATIONS = YES;
				CLANG_WARN_DIRECT_OBJC_ISA_USAGE = YES_ERROR;
				CLANG_WARN_DOCUMENTATION_COMMENTS = YES;
				CLANG_WARN_EMPTY_BODY = YES;
				CLANG_WARN_ENUM_CONVERSION = YES;
				CLANG_WARN_INFINITE_RECURSION = YES;
				CLANG_WARN_INT_CONVERSION = YES;
				CLANG_WARN_NON_LITERAL_NULL_CONVERSION = YES;
				CLANG_WARN_OBJC_IMPLICIT_RETAIN_SELF = YES;
				CLANG_WARN_OBJC_LITERAL_CONVERSION = YES;
				CLANG_WARN_OBJC_ROOT_CLASS = YES_ERROR;
				CLANG_WARN_RANGE_LOOP_ANALYSIS = YES;
				CLANG_WARN_STRICT_PROTOTYPES = YES;
				CLANG_WARN_SUSPICIOUS_MOVE = YES;
				CLANG_WARN_UNGUARDED_AVAILABILITY = YES_AGGRESSIVE;
				CLANG_WARN_UNREACHABLE_CODE = YES;
				CLANG_WARN__DUPLICATE_METHOD_MATCH = YES;
				CODE_SIGN_IDENTITY = "iPhone Developer";
				COPY_PHASE_STRIP = NO;
				DEBUG_INFORMATION_FORMAT = dwarf;
				ENABLE_STRICT_OBJC_MSGSEND = YES;
				ENABLE_TESTABILITY = YES;
				GCC_C_LANGUAGE_STANDARD = gnu11;
				GCC_DYNAMIC_NO_PIC = NO;
				GCC_NO_COMMON_BLOCKS = YES;
				GCC_OPTIMIZATION_LEVEL = 0;
				GCC_PREPROCESSOR_DEFINITIONS = (
					"DEBUG=1",
					"$(inherited)",
				);
				GCC_WARN_64_TO_32_BIT_CONVERSION = YES;
				GCC_WARN_ABOUT_RETURN_TYPE = YES_ERROR;
				GCC_WARN_UNDECLARED_SELECTOR = YES;
				GCC_WARN_UNINITIALIZED_AUTOS = YES_AGGRESSIVE;
				GCC_WARN_UNUSED_FUNCTION = YES;
				GCC_WARN_UNUSED_VARIABLE = YES;
				IPHONEOS_DEPLOYMENT_TARGET = 12.2;
				MTL_ENABLE_DEBUG_INFO = INCLUDE_SOURCE;
				MTL_FAST_MATH = YES;
				ONLY_ACTIVE_ARCH = YES;
				SDKROOT = iphoneos;
				SWIFT_ACTIVE_COMPILATION_CONDITIONS = DEBUG;
				SWIFT_OPTIMIZATION_LEVEL = "-Onone";
			};
			name = Debug;
		};
		FEAC46FF22E6179100F0B311 /* Release */ = {
			isa = XCBuildConfiguration;
			buildSettings = {
				ALWAYS_SEARCH_USER_PATHS = NO;
				CLANG_ANALYZER_NONNULL = YES;
				CLANG_ANALYZER_NUMBER_OBJECT_CONVERSION = YES_AGGRESSIVE;
				CLANG_CXX_LANGUAGE_STANDARD = "gnu++14";
				CLANG_CXX_LIBRARY = "libc++";
				CLANG_ENABLE_MODULES = YES;
				CLANG_ENABLE_OBJC_ARC = YES;
				CLANG_ENABLE_OBJC_WEAK = YES;
				CLANG_WARN_BLOCK_CAPTURE_AUTORELEASING = YES;
				CLANG_WARN_BOOL_CONVERSION = YES;
				CLANG_WARN_COMMA = YES;
				CLANG_WARN_CONSTANT_CONVERSION = YES;
				CLANG_WARN_DEPRECATED_OBJC_IMPLEMENTATIONS = YES;
				CLANG_WARN_DIRECT_OBJC_ISA_USAGE = YES_ERROR;
				CLANG_WARN_DOCUMENTATION_COMMENTS = YES;
				CLANG_WARN_EMPTY_BODY = YES;
				CLANG_WARN_ENUM_CONVERSION = YES;
				CLANG_WARN_INFINITE_RECURSION = YES;
				CLANG_WARN_INT_CONVERSION = YES;
				CLANG_WARN_NON_LITERAL_NULL_CONVERSION = YES;
				CLANG_WARN_OBJC_IMPLICIT_RETAIN_SELF = YES;
				CLANG_WARN_OBJC_LITERAL_CONVERSION = YES;
				CLANG_WARN_OBJC_ROOT_CLASS = YES_ERROR;
				CLANG_WARN_RANGE_LOOP_ANALYSIS = YES;
				CLANG_WARN_STRICT_PROTOTYPES = YES;
				CLANG_WARN_SUSPICIOUS_MOVE = YES;
				CLANG_WARN_UNGUARDED_AVAILABILITY = YES_AGGRESSIVE;
				CLANG_WARN_UNREACHABLE_CODE = YES;
				CLANG_WARN__DUPLICATE_METHOD_MATCH = YES;
				CODE_SIGN_IDENTITY = "iPhone Developer";
				COPY_PHASE_STRIP = NO;
				DEBUG_INFORMATION_FORMAT = "dwarf-with-dsym";
				ENABLE_NS_ASSERTIONS = NO;
				ENABLE_STRICT_OBJC_MSGSEND = YES;
				GCC_C_LANGUAGE_STANDARD = gnu11;
				GCC_NO_COMMON_BLOCKS = YES;
				GCC_WARN_64_TO_32_BIT_CONVERSION = YES;
				GCC_WARN_ABOUT_RETURN_TYPE = YES_ERROR;
				GCC_WARN_UNDECLARED_SELECTOR = YES;
				GCC_WARN_UNINITIALIZED_AUTOS = YES_AGGRESSIVE;
				GCC_WARN_UNUSED_FUNCTION = YES;
				GCC_WARN_UNUSED_VARIABLE = YES;
				IPHONEOS_DEPLOYMENT_TARGET = 12.2;
				MTL_ENABLE_DEBUG_INFO = NO;
				MTL_FAST_MATH = YES;
				SDKROOT = iphoneos;
				SWIFT_COMPILATION_MODE = wholemodule;
				SWIFT_OPTIMIZATION_LEVEL = "-O";
				VALIDATE_PRODUCT = YES;
			};
			name = Release;
		};
		FEAC470122E6179100F0B311 /* Debug */ = {
			isa = XCBuildConfiguration;
			baseConfigurationReference = 08B0E4D1FE4789E281CC1755 /* Pods-ImgurApp.debug.xcconfig */;
			buildSettings = {
				ASSETCATALOG_COMPILER_APPICON_NAME = AppIcon;
				CODE_SIGN_STYLE = Automatic;
				DEVELOPMENT_TEAM = 3A96ECR98N;
				IMGUR_API_BASE_URL = "https://api.imgur.com/3";
				IMGUR_API_CLIENT_ID = 2d086962f60c89e;
				INFOPLIST_FILE = ImgurApp/Info.plist;
				LD_RUNPATH_SEARCH_PATHS = (
					"$(inherited)",
					"@executable_path/Frameworks",
				);
				PRODUCT_BUNDLE_IDENTIFIER = com.sje.ImgurApp;
				PRODUCT_NAME = "$(TARGET_NAME)";
				SWIFT_VERSION = 5.0;
				TARGETED_DEVICE_FAMILY = "1,2";
			};
			name = Debug;
		};
		FEAC470222E6179100F0B311 /* Release */ = {
			isa = XCBuildConfiguration;
			baseConfigurationReference = 908B365683F16C1237810E0A /* Pods-ImgurApp.release.xcconfig */;
			buildSettings = {
				ASSETCATALOG_COMPILER_APPICON_NAME = AppIcon;
				CODE_SIGN_STYLE = Automatic;
				DEVELOPMENT_TEAM = 3A96ECR98N;
				IMGUR_API_BASE_URL = "https://api.imgur.com/3";
				IMGUR_API_CLIENT_ID = 2d086962f60c89e;
				INFOPLIST_FILE = ImgurApp/Info.plist;
				LD_RUNPATH_SEARCH_PATHS = (
					"$(inherited)",
					"@executable_path/Frameworks",
				);
				PRODUCT_BUNDLE_IDENTIFIER = com.sje.ImgurApp;
				PRODUCT_NAME = "$(TARGET_NAME)";
				SWIFT_VERSION = 5.0;
				TARGETED_DEVICE_FAMILY = "1,2";
			};
			name = Release;
		};
/* End XCBuildConfiguration section */

/* Begin XCConfigurationList section */
		FEAC46E922E6179100F0B311 /* Build configuration list for PBXProject "ImgurApp" */ = {
			isa = XCConfigurationList;
			buildConfigurations = (
				FEAC46FE22E6179100F0B311 /* Debug */,
				FEAC46FF22E6179100F0B311 /* Release */,
			);
			defaultConfigurationIsVisible = 0;
			defaultConfigurationName = Release;
		};
		FEAC470022E6179100F0B311 /* Build configuration list for PBXNativeTarget "ImgurApp" */ = {
			isa = XCConfigurationList;
			buildConfigurations = (
				FEAC470122E6179100F0B311 /* Debug */,
				FEAC470222E6179100F0B311 /* Release */,
			);
			defaultConfigurationIsVisible = 0;
			defaultConfigurationName = Release;
		};
/* End XCConfigurationList section */
	};
	rootObject = FEAC46E622E6179100F0B311 /* Project object */;
}
